
Microsoft Visual Studio Solution File, Format Version 12.00
# Visual Studio Version 17
VisualStudioVersion = 17.14.36518.9
MinimumVisualStudioVersion = 10.0.40219.1
Project("{FAE04EC0-301F-11D3-BF4B-00C04F79EFBC}") = "Proglib_Patterns_HomeWork", "src\Proglib_Patterns_HomeWork.csproj", "{73A10978-5F69-46C5-AF3D-593A63E56A23}"
EndProject
Project("{FAE04EC0-301F-11D3-BF4B-00C04F79EFBC}") = "xUnitTests", "xUnitTests\xUnitTests.csproj", "{88A528EB-6EB4-4B16-8A10-4AC3D5A98FC7}"
EndProject
Global
	GlobalSection(SolutionConfigurationPlatforms) = preSolution
		Debug|Any CPU = Debug|Any CPU
		Release|Any CPU = Release|Any CPU
	EndGlobalSection
	GlobalSection(ProjectConfigurationPlatforms) = postSolution
		{73A10978-5F69-46C5-AF3D-593A63E56A23}.Debug|Any CPU.ActiveCfg = Debug|Any CPU
		{73A10978-5F69-46C5-AF3D-593A63E56A23}.Debug|Any CPU.Build.0 = Debug|Any CPU
		{73A10978-5F69-46C5-AF3D-593A63E56A23}.Release|Any CPU.ActiveCfg = Release|Any CPU
		{73A10978-5F69-46C5-AF3D-593A63E56A23}.Release|Any CPU.Build.0 = Release|Any CPU
		{88A528EB-6EB4-4B16-8A10-4AC3D5A98FC7}.Debug|Any CPU.ActiveCfg = Debug|Any CPU
		{88A528EB-6EB4-4B16-8A10-4AC3D5A98FC7}.Debug|Any CPU.Build.0 = Debug|Any CPU
		{88A528EB-6EB4-4B16-8A10-4AC3D5A98FC7}.Release|Any CPU.ActiveCfg = Release|Any CPU
		{88A528EB-6EB4-4B16-8A10-4AC3D5A98FC7}.Release|Any CPU.Build.0 = Release|Any CPU
	EndGlobalSection
	GlobalSection(SolutionProperties) = preSolution
		HideSolutionNode = FALSE
	EndGlobalSection
	GlobalSection(ExtensibilityGlobals) = postSolution
		SolutionGuid = {448274EE-4DBD-47D7-9A4E-617CFE770A90}
	EndGlobalSection
EndGlobal
